
Microsoft Visual Studio Solution File, Format Version 12.00
# Visual Studio Version 17
VisualStudioVersion = 17.11.35327.3
MinimumVisualStudioVersion = 10.0.40219.1
Project("{FAE04EC0-301F-11D3-BF4B-00C04F79EFBC}") = "odevNyp", "odevNyp\odevNyp.csproj", "{F3E91D4E-4C02-488D-81A7-942BBB538377}"
EndProject
Global
	GlobalSection(SolutionConfigurationPlatforms) = preSolution
		Debug|Any CPU = Debug|Any CPU
		Release|Any CPU = Release|Any CPU
	EndGlobalSection
	GlobalSection(ProjectConfigurationPlatforms) = postSolution
		{F3E91D4E-4C02-488D-81A7-942BBB538377}.Debug|Any CPU.ActiveCfg = Debug|Any CPU
		{F3E91D4E-4C02-488D-81A7-942BBB538377}.Debug|Any CPU.Build.0 = Debug|Any CPU
		{F3E91D4E-4C02-488D-81A7-942BBB538377}.Release|Any CPU.ActiveCfg = Release|Any CPU
		{F3E91D4E-4C02-488D-81A7-942BBB538377}.Release|Any CPU.Build.0 = Release|Any CPU
	EndGlobalSection
	GlobalSection(SolutionProperties) = preSolution
		HideSolutionNode = FALSE
	EndGlobalSection
	GlobalSection(ExtensibilityGlobals) = postSolution
		SolutionGuid = {2A6BCAE0-8F1D-4A55-9937-3E7B5678325B}
	EndGlobalSection
EndGlobal
